
Microsoft Visual Studio Solution File, Format Version 12.00
# Visual Studio Version 17
VisualStudioVersion = 17.9.34616.47
MinimumVisualStudioVersion = 10.0.40219.1
Project("{FAE04EC0-301F-11D3-BF4B-00C04F79EFBC}") = "ConsoleApp1", "ConsoleApp1\ConsoleApp1.csproj", "{C9E5DAC8-A9A2-4451-B462-1C129D808F1D}"
EndProject
Global
	GlobalSection(SolutionConfigurationPlatforms) = preSolution
		Debug|Any CPU = Debug|Any CPU
		Release|Any CPU = Release|Any CPU
	EndGlobalSection
	GlobalSection(ProjectConfigurationPlatforms) = postSolution
		{C9E5DAC8-A9A2-4451-B462-1C129D808F1D}.Debug|Any CPU.ActiveCfg = Debug|Any CPU
		{C9E5DAC8-A9A2-4451-B462-1C129D808F1D}.Debug|Any CPU.Build.0 = Debug|Any CPU
		{C9E5DAC8-A9A2-4451-B462-1C129D808F1D}.Release|Any CPU.ActiveCfg = Release|Any CPU
		{C9E5DAC8-A9A2-4451-B462-1C129D808F1D}.Release|Any CPU.Build.0 = Release|Any CPU
	EndGlobalSection
	GlobalSection(SolutionProperties) = preSolution
		HideSolutionNode = FALSE
	EndGlobalSection
	GlobalSection(ExtensibilityGlobals) = postSolution
		SolutionGuid = {A6731D18-2C28-4AA2-9145-A6AFE5841312}
	EndGlobalSection
EndGlobal
